
Microsoft Visual Studio Solution File, Format Version 12.00
# Visual Studio 16
Project("{FAE04EC0-301F-11D3-BF4B-00C04F79EFBC}") = "Assembly-CSharp", "Assembly-CSharp.csproj", "{AB5BAB00-39A7-9ADC-FCF5-0E3651EE40CA}"
EndProject
Global
	GlobalSection(SolutionConfigurationPlatforms) = preSolution
		Debug|Any CPU = Debug|Any CPU
		Release|Any CPU = Release|Any CPU
	EndGlobalSection
	GlobalSection(ProjectConfigurationPlatforms) = postSolution
		{AB5BAB00-39A7-9ADC-FCF5-0E3651EE40CA}.Debug|Any CPU.ActiveCfg = Debug|Any CPU
		{AB5BAB00-39A7-9ADC-FCF5-0E3651EE40CA}.Debug|Any CPU.Build.0 = Debug|Any CPU
		{AB5BAB00-39A7-9ADC-FCF5-0E3651EE40CA}.Release|Any CPU.ActiveCfg = Release|Any CPU
		{AB5BAB00-39A7-9ADC-FCF5-0E3651EE40CA}.Release|Any CPU.Build.0 = Release|Any CPU
	EndGlobalSection
	GlobalSection(SolutionProperties) = preSolution
		HideSolutionNode = FALSE
	EndGlobalSection
EndGlobal
